
Microsoft Visual Studio Solution File, Format Version 12.00
Project("{FAE04EC0-301F-11D3-BF4B-00C04F79EFBC}") = "CupcakeDomain", "CupcakeDomain\CupcakeDomain.csproj", "{46C5C58B-B3AD-47DB-9197-D82BFA16FBAB}"
EndProject
Project("{FAE04EC0-301F-11D3-BF4B-00C04F79EFBC}") = "CupcakeDomainTests", "CupcakeDomainTests\CupcakeDomainTests.csproj", "{07036930-686C-43B0-A5BB-52FC3F6F8BDF}"
EndProject
Global
	GlobalSection(SolutionConfigurationPlatforms) = preSolution
		Debug|Any CPU = Debug|Any CPU
		Release|Any CPU = Release|Any CPU
	EndGlobalSection
	GlobalSection(ProjectConfigurationPlatforms) = postSolution
		{46C5C58B-B3AD-47DB-9197-D82BFA16FBAB}.Debug|Any CPU.ActiveCfg = Debug|Any CPU
		{46C5C58B-B3AD-47DB-9197-D82BFA16FBAB}.Debug|Any CPU.Build.0 = Debug|Any CPU
		{46C5C58B-B3AD-47DB-9197-D82BFA16FBAB}.Release|Any CPU.ActiveCfg = Release|Any CPU
		{46C5C58B-B3AD-47DB-9197-D82BFA16FBAB}.Release|Any CPU.Build.0 = Release|Any CPU
		{07036930-686C-43B0-A5BB-52FC3F6F8BDF}.Debug|Any CPU.ActiveCfg = Debug|Any CPU
		{07036930-686C-43B0-A5BB-52FC3F6F8BDF}.Debug|Any CPU.Build.0 = Debug|Any CPU
		{07036930-686C-43B0-A5BB-52FC3F6F8BDF}.Release|Any CPU.ActiveCfg = Release|Any CPU
		{07036930-686C-43B0-A5BB-52FC3F6F8BDF}.Release|Any CPU.Build.0 = Release|Any CPU
	EndGlobalSection
EndGlobal
